{
  "name": "YogaRetreats",
  "lockfileVersion": 2,
  "requires": true,
  "packages": {
    "": {
      "dependencies": {
        "fetcha": "^0.0.0"
      }
    },
    "node_modules/fetcha": {
      "version": "0.0.0",
      "resolved": "https://registry.npmjs.org/fetcha/-/fetcha-0.0.0.tgz",
      "integrity": "sha1-yDuWOk2GkhuV+Qbvsq3SQsfXCoE="
    }
  },
  "dependencies": {
    "fetcha": {
      "version": "0.0.0",
      "resolved": "https://registry.npmjs.org/fetcha/-/fetcha-0.0.0.tgz",
      "integrity": "sha1-yDuWOk2GkhuV+Qbvsq3SQsfXCoE="
    }
  }
}
